
Microsoft Visual Studio Solution File, Format Version 12.00
# Visual Studio Version 17
VisualStudioVersion = 17.8.34525.116
MinimumVisualStudioVersion = 10.0.40219.1
Project("{FAE04EC0-301F-11D3-BF4B-00C04F79EFBC}") = "Laborator1_2", "Laborator1_2\Laborator1_2.csproj", "{FE6CB6BB-5977-4B36-B275-6091C3BE98B4}"
EndProject
Global
	GlobalSection(SolutionConfigurationPlatforms) = preSolution
		Debug|Any CPU = Debug|Any CPU
		Release|Any CPU = Release|Any CPU
	EndGlobalSection
	GlobalSection(ProjectConfigurationPlatforms) = postSolution
		{FE6CB6BB-5977-4B36-B275-6091C3BE98B4}.Debug|Any CPU.ActiveCfg = Debug|Any CPU
		{FE6CB6BB-5977-4B36-B275-6091C3BE98B4}.Debug|Any CPU.Build.0 = Debug|Any CPU
		{FE6CB6BB-5977-4B36-B275-6091C3BE98B4}.Release|Any CPU.ActiveCfg = Release|Any CPU
		{FE6CB6BB-5977-4B36-B275-6091C3BE98B4}.Release|Any CPU.Build.0 = Release|Any CPU
	EndGlobalSection
	GlobalSection(SolutionProperties) = preSolution
		HideSolutionNode = FALSE
	EndGlobalSection
	GlobalSection(ExtensibilityGlobals) = postSolution
		SolutionGuid = {EFC6959C-7447-4077-A422-6AA41F1EB9E7}
	EndGlobalSection
EndGlobal
